
Microsoft Visual Studio Solution File, Format Version 10.00
# Visual Studio 2008
Project("{8BC9CEB8-8B4A-11D0-8D11-00A0C91BC942}") = "L4", "L4\L4.vcproj", "{2230E7F2-351C-4C33-ACAD-27E35589162E}"
EndProject
Global
	GlobalSection(SolutionConfigurationPlatforms) = preSolution
		Debug|Win32 = Debug|Win32
		Release|Win32 = Release|Win32
	EndGlobalSection
	GlobalSection(ProjectConfigurationPlatforms) = postSolution
		{2230E7F2-351C-4C33-ACAD-27E35589162E}.Debug|Win32.ActiveCfg = Debug|Win32
		{2230E7F2-351C-4C33-ACAD-27E35589162E}.Debug|Win32.Build.0 = Debug|Win32
		{2230E7F2-351C-4C33-ACAD-27E35589162E}.Release|Win32.ActiveCfg = Release|Win32
		{2230E7F2-351C-4C33-ACAD-27E35589162E}.Release|Win32.Build.0 = Release|Win32
	EndGlobalSection
	GlobalSection(SolutionProperties) = preSolution
		HideSolutionNode = FALSE
	EndGlobalSection
EndGlobal
